
Microsoft Visual Studio Solution File, Format Version 12.00
# Visual Studio Version 17
VisualStudioVersion = 17.5.33627.172
MinimumVisualStudioVersion = 10.0.40219.1
Project("{778DAE3C-4631-46EA-AA77-85C1314464D9}") = "EnrollSys", "EnrollSys.vbproj", "{2AC80485-A654-4B8D-B37C-20582F8966C1}"
EndProject
Global
	GlobalSection(SolutionConfigurationPlatforms) = preSolution
		Debug|Any CPU = Debug|Any CPU
		Release|Any CPU = Release|Any CPU
	EndGlobalSection
	GlobalSection(ProjectConfigurationPlatforms) = postSolution
		{2AC80485-A654-4B8D-B37C-20582F8966C1}.Debug|Any CPU.ActiveCfg = Debug|Any CPU
		{2AC80485-A654-4B8D-B37C-20582F8966C1}.Debug|Any CPU.Build.0 = Debug|Any CPU
		{2AC80485-A654-4B8D-B37C-20582F8966C1}.Release|Any CPU.ActiveCfg = Release|Any CPU
		{2AC80485-A654-4B8D-B37C-20582F8966C1}.Release|Any CPU.Build.0 = Release|Any CPU
	EndGlobalSection
	GlobalSection(SolutionProperties) = preSolution
		HideSolutionNode = FALSE
	EndGlobalSection
	GlobalSection(ExtensibilityGlobals) = postSolution
		SolutionGuid = {610A1B58-9962-4F40-991C-4AD7BA467C2D}
	EndGlobalSection
EndGlobal
