
Microsoft Visual Studio Solution File, Format Version 12.00
# Visual Studio Version 17
VisualStudioVersion = 17.5.33627.172
MinimumVisualStudioVersion = 10.0.40219.1
Project("{F184B08F-C81C-45F6-A57F-5ABD9991F28F}") = "TestFinal", "TestFinal.vbproj", "{FF73817A-7AFD-4917-9DA0-714C153D0AC2}"
EndProject
Global
	GlobalSection(SolutionConfigurationPlatforms) = preSolution
		Debug|Any CPU = Debug|Any CPU
		Release|Any CPU = Release|Any CPU
	EndGlobalSection
	GlobalSection(ProjectConfigurationPlatforms) = postSolution
		{FF73817A-7AFD-4917-9DA0-714C153D0AC2}.Debug|Any CPU.ActiveCfg = Debug|Any CPU
		{FF73817A-7AFD-4917-9DA0-714C153D0AC2}.Debug|Any CPU.Build.0 = Debug|Any CPU
		{FF73817A-7AFD-4917-9DA0-714C153D0AC2}.Release|Any CPU.ActiveCfg = Release|Any CPU
		{FF73817A-7AFD-4917-9DA0-714C153D0AC2}.Release|Any CPU.Build.0 = Release|Any CPU
	EndGlobalSection
	GlobalSection(SolutionProperties) = preSolution
		HideSolutionNode = FALSE
	EndGlobalSection
	GlobalSection(ExtensibilityGlobals) = postSolution
		SolutionGuid = {6843B112-EF41-47EF-AB4B-BD82DBE690AB}
	EndGlobalSection
EndGlobal
